
Microsoft Visual Studio Solution File, Format Version 12.00
Project("{FAE04EC0-301F-11D3-BF4B-00C04F79EFBC}") = "Emergency_Medical_Service", "Emergency_Medical_Service\Emergency_Medical_Service.csproj", "{31BBDE8C-392D-4CDA-B460-39E8E1B3F258}"
EndProject
Global
	GlobalSection(SolutionConfigurationPlatforms) = preSolution
		Debug|Any CPU = Debug|Any CPU
		Release|Any CPU = Release|Any CPU
	EndGlobalSection
	GlobalSection(ProjectConfigurationPlatforms) = postSolution
		{31BBDE8C-392D-4CDA-B460-39E8E1B3F258}.Debug|Any CPU.ActiveCfg = Debug|Any CPU
		{31BBDE8C-392D-4CDA-B460-39E8E1B3F258}.Debug|Any CPU.Build.0 = Debug|Any CPU
		{31BBDE8C-392D-4CDA-B460-39E8E1B3F258}.Release|Any CPU.ActiveCfg = Release|Any CPU
		{31BBDE8C-392D-4CDA-B460-39E8E1B3F258}.Release|Any CPU.Build.0 = Release|Any CPU
	EndGlobalSection
EndGlobal
